
Microsoft Visual Studio Solution File, Format Version 12.00
# Visual Studio Version 17
VisualStudioVersion = 17.0.31903.59
MinimumVisualStudioVersion = 10.0.40219.1
Project("{2150E333-8FDC-42A3-9474-1A3956D46DE8}") = "src", "src", "{D7972274-6BF9-4F8B-9614-10E61BBEAA05}"
EndProject
Project("{FAE04EC0-301F-11D3-BF4B-00C04F79EFBC}") = "LoyaltySystem.Domain", "src\LoyaltySystem.Domain\LoyaltySystem.Domain.csproj", "{B7CAA8FA-37FB-4D15-A9B6-B4AE61280B9F}"
EndProject
Project("{FAE04EC0-301F-11D3-BF4B-00C04F79EFBC}") = "LoyaltySystem.Application", "src\LoyaltySystem.Application\LoyaltySystem.Application.csproj", "{DA4B0D56-D8C1-479D-B987-84EC10124621}"
EndProject
Project("{FAE04EC0-301F-11D3-BF4B-00C04F79EFBC}") = "LoyaltySystem.Infrastructure", "src\LoyaltySystem.Infrastructure\LoyaltySystem.Infrastructure.csproj", "{E73FD41A-8C6F-469C-BCFB-703A18C08669}"
EndProject
Project("{FAE04EC0-301F-11D3-BF4B-00C04F79EFBC}") = "LoyaltySystem.API", "src\LoyaltySystem.API\LoyaltySystem.API.csproj", "{901545E8-278C-4641-A891-B8A87C9EEEB9}"
EndProject
Global
	GlobalSection(SolutionConfigurationPlatforms) = preSolution
		Debug|Any CPU = Debug|Any CPU
		Release|Any CPU = Release|Any CPU
	EndGlobalSection
	GlobalSection(SolutionProperties) = preSolution
		HideSolutionNode = FALSE
	EndGlobalSection
	GlobalSection(ProjectConfigurationPlatforms) = postSolution
		{B7CAA8FA-37FB-4D15-A9B6-B4AE61280B9F}.Debug|Any CPU.ActiveCfg = Debug|Any CPU
		{B7CAA8FA-37FB-4D15-A9B6-B4AE61280B9F}.Debug|Any CPU.Build.0 = Debug|Any CPU
		{B7CAA8FA-37FB-4D15-A9B6-B4AE61280B9F}.Release|Any CPU.ActiveCfg = Release|Any CPU
		{B7CAA8FA-37FB-4D15-A9B6-B4AE61280B9F}.Release|Any CPU.Build.0 = Release|Any CPU
		{DA4B0D56-D8C1-479D-B987-84EC10124621}.Debug|Any CPU.ActiveCfg = Debug|Any CPU
		{DA4B0D56-D8C1-479D-B987-84EC10124621}.Debug|Any CPU.Build.0 = Debug|Any CPU
		{DA4B0D56-D8C1-479D-B987-84EC10124621}.Release|Any CPU.ActiveCfg = Release|Any CPU
		{DA4B0D56-D8C1-479D-B987-84EC10124621}.Release|Any CPU.Build.0 = Release|Any CPU
		{E73FD41A-8C6F-469C-BCFB-703A18C08669}.Debug|Any CPU.ActiveCfg = Debug|Any CPU
		{E73FD41A-8C6F-469C-BCFB-703A18C08669}.Debug|Any CPU.Build.0 = Debug|Any CPU
		{E73FD41A-8C6F-469C-BCFB-703A18C08669}.Release|Any CPU.ActiveCfg = Release|Any CPU
		{E73FD41A-8C6F-469C-BCFB-703A18C08669}.Release|Any CPU.Build.0 = Release|Any CPU
		{901545E8-278C-4641-A891-B8A87C9EEEB9}.Debug|Any CPU.ActiveCfg = Debug|Any CPU
		{901545E8-278C-4641-A891-B8A87C9EEEB9}.Debug|Any CPU.Build.0 = Debug|Any CPU
		{901545E8-278C-4641-A891-B8A87C9EEEB9}.Release|Any CPU.ActiveCfg = Release|Any CPU
		{901545E8-278C-4641-A891-B8A87C9EEEB9}.Release|Any CPU.Build.0 = Release|Any CPU
	EndGlobalSection
	GlobalSection(NestedProjects) = preSolution
		{B7CAA8FA-37FB-4D15-A9B6-B4AE61280B9F} = {D7972274-6BF9-4F8B-9614-10E61BBEAA05}
		{DA4B0D56-D8C1-479D-B987-84EC10124621} = {D7972274-6BF9-4F8B-9614-10E61BBEAA05}
		{E73FD41A-8C6F-469C-BCFB-703A18C08669} = {D7972274-6BF9-4F8B-9614-10E61BBEAA05}
		{901545E8-278C-4641-A891-B8A87C9EEEB9} = {D7972274-6BF9-4F8B-9614-10E61BBEAA05}
	EndGlobalSection
EndGlobal
