Microsoft Visual Studio Solution File, Format Version 12.00
# Visual Studio Version 17
VisualStudioVersion = 17.0.31903.59
MinimumVisualStudioVersion = 10.0.40219.1
Project("{2150E333-8FDC-42A3-9474-1A3956D46DE8}") = "src", "src", "{D7972274-6BF9-4F8B-9614-10E61BBEAA05}"
EndProject
Project("{FAE04EC0-301F-11D3-BF4B-00C04F79EFBC}") = "LoyaltySystem.Domain", "src\LoyaltySystem.Domain\LoyaltySystem.Domain.csproj", "{B7CAA8FA-37FB-4D15-A9B6-B4AE61280B9F}"
EndProject
Project("{FAE04EC0-301F-11D3-BF4B-00C04F79EFBC}") = "LoyaltySystem.Application", "src\LoyaltySystem.Application\LoyaltySystem.Application.csproj", "{DA4B0D56-D8C1-479D-B987-84EC10124621}"
EndProject
Project("{FAE04EC0-301F-11D3-BF4B-00C04F79EFBC}") = "LoyaltySystem.Infrastructure", "src\LoyaltySystem.Infrastructure\LoyaltySystem.Infrastructure.csproj", "{E73FD41A-8C6F-469C-BCFB-703A18C08669}"
EndProject
Project("{FAE04EC0-301F-11D3-BF4B-00C04F79EFBC}") = "LoyaltySystem.Shared.API", "src\LoyaltySystem.Shared.API\LoyaltySystem.Shared.API.csproj", "{C50DE0CC-7A8C-41A5-B742-48D58F25E95D}"
EndProject
Project("{FAE04EC0-301F-11D3-BF4B-00C04F79EFBC}") = "LoyaltySystem.Admin.API", "src\LoyaltySystem.Admin.API\LoyaltySystem.Admin.API.csproj", "{56A5DA44-D1E7-4EA5-A58F-D2EBD631DE7A}"
EndProject
Project("{FAE04EC0-301F-11D3-BF4B-00C04F79EFBC}") = "LoyaltySystem.Staff.API", "src\LoyaltySystem.Staff.API\LoyaltySystem.Staff.API.csproj", "{71E5A55F-0D5E-4F04-9BBB-F8BD8C36AC9F}"
EndProject
Project("{FAE04EC0-301F-11D3-BF4B-00C04F79EFBC}") = "LoyaltySystem.Customer.API", "src\LoyaltySystem.Customer.API\LoyaltySystem.Customer.API.csproj", "{A6BF4EF2-5D47-48A3-8AFA-D80E5BFE2D4C}"
EndProject
Global
	GlobalSection(SolutionConfigurationPlatforms) = preSolution
		Debug|Any CPU = Debug|Any CPU
		Release|Any CPU = Release|Any CPU
	EndGlobalSection
	GlobalSection(SolutionProperties) = preSolution
		HideSolutionNode = FALSE
	EndGlobalSection
	GlobalSection(ProjectConfigurationPlatforms) = postSolution
		{B7CAA8FA-37FB-4D15-A9B6-B4AE61280B9F}.Debug|Any CPU.ActiveCfg = Debug|Any CPU
		{B7CAA8FA-37FB-4D15-A9B6-B4AE61280B9F}.Debug|Any CPU.Build.0 = Debug|Any CPU
		{B7CAA8FA-37FB-4D15-A9B6-B4AE61280B9F}.Release|Any CPU.ActiveCfg = Release|Any CPU
		{B7CAA8FA-37FB-4D15-A9B6-B4AE61280B9F}.Release|Any CPU.Build.0 = Release|Any CPU
		{DA4B0D56-D8C1-479D-B987-84EC10124621}.Debug|Any CPU.ActiveCfg = Debug|Any CPU
		{DA4B0D56-D8C1-479D-B987-84EC10124621}.Debug|Any CPU.Build.0 = Debug|Any CPU
		{DA4B0D56-D8C1-479D-B987-84EC10124621}.Release|Any CPU.ActiveCfg = Release|Any CPU
		{DA4B0D56-D8C1-479D-B987-84EC10124621}.Release|Any CPU.Build.0 = Release|Any CPU
		{E73FD41A-8C6F-469C-BCFB-703A18C08669}.Debug|Any CPU.ActiveCfg = Debug|Any CPU
		{E73FD41A-8C6F-469C-BCFB-703A18C08669}.Debug|Any CPU.Build.0 = Debug|Any CPU
		{E73FD41A-8C6F-469C-BCFB-703A18C08669}.Release|Any CPU.ActiveCfg = Release|Any CPU
		{E73FD41A-8C6F-469C-BCFB-703A18C08669}.Release|Any CPU.Build.0 = Release|Any CPU
		{C50DE0CC-7A8C-41A5-B742-48D58F25E95D}.Debug|Any CPU.ActiveCfg = Debug|Any CPU
		{C50DE0CC-7A8C-41A5-B742-48D58F25E95D}.Debug|Any CPU.Build.0 = Debug|Any CPU
		{C50DE0CC-7A8C-41A5-B742-48D58F25E95D}.Release|Any CPU.ActiveCfg = Release|Any CPU
		{C50DE0CC-7A8C-41A5-B742-48D58F25E95D}.Release|Any CPU.Build.0 = Release|Any CPU
		{56A5DA44-D1E7-4EA5-A58F-D2EBD631DE7A}.Debug|Any CPU.ActiveCfg = Debug|Any CPU
		{56A5DA44-D1E7-4EA5-A58F-D2EBD631DE7A}.Debug|Any CPU.Build.0 = Debug|Any CPU
		{56A5DA44-D1E7-4EA5-A58F-D2EBD631DE7A}.Release|Any CPU.ActiveCfg = Release|Any CPU
		{56A5DA44-D1E7-4EA5-A58F-D2EBD631DE7A}.Release|Any CPU.Build.0 = Release|Any CPU
		{71E5A55F-0D5E-4F04-9BBB-F8BD8C36AC9F}.Debug|Any CPU.ActiveCfg = Debug|Any CPU
		{71E5A55F-0D5E-4F04-9BBB-F8BD8C36AC9F}.Debug|Any CPU.Build.0 = Debug|Any CPU
		{71E5A55F-0D5E-4F04-9BBB-F8BD8C36AC9F}.Release|Any CPU.ActiveCfg = Release|Any CPU
		{71E5A55F-0D5E-4F04-9BBB-F8BD8C36AC9F}.Release|Any CPU.Build.0 = Release|Any CPU
		{A6BF4EF2-5D47-48A3-8AFA-D80E5BFE2D4C}.Debug|Any CPU.ActiveCfg = Debug|Any CPU
		{A6BF4EF2-5D47-48A3-8AFA-D80E5BFE2D4C}.Debug|Any CPU.Build.0 = Debug|Any CPU
		{A6BF4EF2-5D47-48A3-8AFA-D80E5BFE2D4C}.Release|Any CPU.ActiveCfg = Release|Any CPU
		{A6BF4EF2-5D47-48A3-8AFA-D80E5BFE2D4C}.Release|Any CPU.Build.0 = Release|Any CPU
	EndGlobalSection
	GlobalSection(NestedProjects) = preSolution
		{B7CAA8FA-37FB-4D15-A9B6-B4AE61280B9F} = {D7972274-6BF9-4F8B-9614-10E61BBEAA05}
		{DA4B0D56-D8C1-479D-B987-84EC10124621} = {D7972274-6BF9-4F8B-9614-10E61BBEAA05}
		{E73FD41A-8C6F-469C-BCFB-703A18C08669} = {D7972274-6BF9-4F8B-9614-10E61BBEAA05}
		{C50DE0CC-7A8C-41A5-B742-48D58F25E95D} = {D7972274-6BF9-4F8B-9614-10E61BBEAA05}
		{56A5DA44-D1E7-4EA5-A58F-D2EBD631DE7A} = {D7972274-6BF9-4F8B-9614-10E61BBEAA05}
		{71E5A55F-0D5E-4F04-9BBB-F8BD8C36AC9F} = {D7972274-6BF9-4F8B-9614-10E61BBEAA05}
		{A6BF4EF2-5D47-48A3-8AFA-D80E5BFE2D4C} = {D7972274-6BF9-4F8B-9614-10E61BBEAA05}
	EndGlobalSection
EndGlobal
