
Microsoft Visual Studio Solution File, Format Version 12.00
Project("{FAE04EC0-301F-11D3-BF4B-00C04F79EFBC}") = "LoyaltySystem.API", "LoyaltySystem.API\LoyaltySystem.API.csproj", "{F23CB099-6E20-4013-BCBE-FF1C7AEB9859}"
EndProject
Project("{FAE04EC0-301F-11D3-BF4B-00C04F79EFBC}") = "LoyaltySystem.Core", "LoyaltySystem.Core\LoyaltySystem.Core.csproj", "{C1D0D258-4046-4AD8-8227-B3DB62F6A8F2}"
EndProject
Project("{FAE04EC0-301F-11D3-BF4B-00C04F79EFBC}") = "LoyaltySystem.Data", "LoyaltySystem.Data\LoyaltySystem.Data.csproj", "{2E53A40B-B8AF-4ED9-9E63-49BABB001FE6}"
EndProject
Project("{FAE04EC0-301F-11D3-BF4B-00C04F79EFBC}") = "LoyaltySystem.Services", "LoyaltySystem.Services\LoyaltySystem.Services.csproj", "{8D9D9280-A34C-4D89-8014-952A756858A4}"
EndProject
Global
	GlobalSection(SolutionConfigurationPlatforms) = preSolution
		Debug|Any CPU = Debug|Any CPU
		Release|Any CPU = Release|Any CPU
	EndGlobalSection
	GlobalSection(ProjectConfigurationPlatforms) = postSolution
		{F23CB099-6E20-4013-BCBE-FF1C7AEB9859}.Debug|Any CPU.ActiveCfg = Debug|Any CPU
		{F23CB099-6E20-4013-BCBE-FF1C7AEB9859}.Debug|Any CPU.Build.0 = Debug|Any CPU
		{F23CB099-6E20-4013-BCBE-FF1C7AEB9859}.Release|Any CPU.ActiveCfg = Release|Any CPU
		{F23CB099-6E20-4013-BCBE-FF1C7AEB9859}.Release|Any CPU.Build.0 = Release|Any CPU
		{C1D0D258-4046-4AD8-8227-B3DB62F6A8F2}.Debug|Any CPU.ActiveCfg = Debug|Any CPU
		{C1D0D258-4046-4AD8-8227-B3DB62F6A8F2}.Debug|Any CPU.Build.0 = Debug|Any CPU
		{C1D0D258-4046-4AD8-8227-B3DB62F6A8F2}.Release|Any CPU.ActiveCfg = Release|Any CPU
		{C1D0D258-4046-4AD8-8227-B3DB62F6A8F2}.Release|Any CPU.Build.0 = Release|Any CPU
		{2E53A40B-B8AF-4ED9-9E63-49BABB001FE6}.Debug|Any CPU.ActiveCfg = Debug|Any CPU
		{2E53A40B-B8AF-4ED9-9E63-49BABB001FE6}.Debug|Any CPU.Build.0 = Debug|Any CPU
		{2E53A40B-B8AF-4ED9-9E63-49BABB001FE6}.Release|Any CPU.ActiveCfg = Release|Any CPU
		{2E53A40B-B8AF-4ED9-9E63-49BABB001FE6}.Release|Any CPU.Build.0 = Release|Any CPU
		{8D9D9280-A34C-4D89-8014-952A756858A4}.Debug|Any CPU.ActiveCfg = Debug|Any CPU
		{8D9D9280-A34C-4D89-8014-952A756858A4}.Debug|Any CPU.Build.0 = Debug|Any CPU
		{8D9D9280-A34C-4D89-8014-952A756858A4}.Release|Any CPU.ActiveCfg = Release|Any CPU
		{8D9D9280-A34C-4D89-8014-952A756858A4}.Release|Any CPU.Build.0 = Release|Any CPU
	EndGlobalSection
EndGlobal
